
Microsoft Visual Studio Solution File, Format Version 12.00
# Visual Studio Version 16
VisualStudioVersion = 16.0.30204.135
MinimumVisualStudioVersion = 10.0.40219.1
Project("{FAE04EC0-301F-11D3-BF4B-00C04F79EFBC}") = "prospectiveClientsAPI", "prospectiveClientsAPI.csproj", "{0D97F452-17E9-4223-BA93-3DA5986E6DB7}"
EndProject
Global
	GlobalSection(SolutionConfigurationPlatforms) = preSolution
		Debug|Any CPU = Debug|Any CPU
		Release|Any CPU = Release|Any CPU
	EndGlobalSection
	GlobalSection(ProjectConfigurationPlatforms) = postSolution
		{0D97F452-17E9-4223-BA93-3DA5986E6DB7}.Debug|Any CPU.ActiveCfg = Debug|Any CPU
		{0D97F452-17E9-4223-BA93-3DA5986E6DB7}.Debug|Any CPU.Build.0 = Debug|Any CPU
		{0D97F452-17E9-4223-BA93-3DA5986E6DB7}.Release|Any CPU.ActiveCfg = Release|Any CPU
		{0D97F452-17E9-4223-BA93-3DA5986E6DB7}.Release|Any CPU.Build.0 = Release|Any CPU
	EndGlobalSection
	GlobalSection(SolutionProperties) = preSolution
		HideSolutionNode = FALSE
	EndGlobalSection
	GlobalSection(ExtensibilityGlobals) = postSolution
		SolutionGuid = {D6BE34AE-F5CD-4AAF-850A-34015A05D6CE}
	EndGlobalSection
EndGlobal
